
Microsoft Visual Studio Solution File, Format Version 12.00
# Visual Studio 14
VisualStudioVersion = 14.0.24720.0
MinimumVisualStudioVersion = 10.0.40219.1
Project("{2150E333-8FDC-42A3-9474-1A3956D46DE8}") = "SimpleOAuthServerAndApi", "SimpleOAuthServerAndApi", "{FECC99BF-0225-45C6-81E0-1925934721D5}"
EndProject
Project("{656346D9-4656-40DA-A068-22D5425D4639}") = "IdentityServerConsoleApplication", "IdentityServerConsoleApplication\IdentityServerConsoleApplication.oxygene", "{BB52DDCA-7454-4FC1-8C9E-438B3CA70C04}"
EndProject
Project("{656346D9-4656-40DA-A068-22D5425D4639}") = "APIWebApplication", "APIWebApplication\APIWebApplication.elements", "{50DEFE02-F69A-4201-BDEE-56A4EE0AAB99}"
EndProject
Project("{656346D9-4656-40DA-A068-22D5425D4639}") = "ConsoleClient", "ConsoleClient\ConsoleClient.elements", "{923BED68-31C9-4558-84DA-2BD76D7BA071}"
EndProject
Global
	GlobalSection(SolutionConfigurationPlatforms) = preSolution
		Debug|AnyCPU = Debug|AnyCPU
		Release|AnyCPU = Release|AnyCPU
	EndGlobalSection
	GlobalSection(ProjectConfigurationPlatforms) = postSolution
		{BB52DDCA-7454-4FC1-8C9E-438B3CA70C04}.Debug|AnyCPU.ActiveCfg = Debug
		{BB52DDCA-7454-4FC1-8C9E-438B3CA70C04}.Debug|AnyCPU.Build.0 = Debug
		{BB52DDCA-7454-4FC1-8C9E-438B3CA70C04}.Release|AnyCPU.ActiveCfg = Release
		{BB52DDCA-7454-4FC1-8C9E-438B3CA70C04}.Release|AnyCPU.Build.0 = Release
		{50DEFE02-F69A-4201-BDEE-56A4EE0AAB99}.Debug|AnyCPU.ActiveCfg = Debug|AnyCPU
		{50DEFE02-F69A-4201-BDEE-56A4EE0AAB99}.Debug|AnyCPU.Build.0 = Debug|AnyCPU
		{50DEFE02-F69A-4201-BDEE-56A4EE0AAB99}.Release|AnyCPU.ActiveCfg = Release|AnyCPU
		{50DEFE02-F69A-4201-BDEE-56A4EE0AAB99}.Release|AnyCPU.Build.0 = Release|AnyCPU
		{923BED68-31C9-4558-84DA-2BD76D7BA071}.Debug|AnyCPU.ActiveCfg = Debug
		{923BED68-31C9-4558-84DA-2BD76D7BA071}.Debug|AnyCPU.Build.0 = Debug
		{923BED68-31C9-4558-84DA-2BD76D7BA071}.Release|AnyCPU.ActiveCfg = Release
		{923BED68-31C9-4558-84DA-2BD76D7BA071}.Release|AnyCPU.Build.0 = Release
	EndGlobalSection
	GlobalSection(SolutionProperties) = preSolution
		HideSolutionNode = FALSE
	EndGlobalSection
	GlobalSection(NestedProjects) = preSolution
		{BB52DDCA-7454-4FC1-8C9E-438B3CA70C04} = {FECC99BF-0225-45C6-81E0-1925934721D5}
		{50DEFE02-F69A-4201-BDEE-56A4EE0AAB99} = {FECC99BF-0225-45C6-81E0-1925934721D5}
		{923BED68-31C9-4558-84DA-2BD76D7BA071} = {FECC99BF-0225-45C6-81E0-1925934721D5}
	EndGlobalSection
EndGlobal
